
Microsoft Visual Studio Solution File, Format Version 12.00
# Visual Studio Version 17
VisualStudioVersion = 17.14.36221.1 d17.14
MinimumVisualStudioVersion = 10.0.40219.1
Project("{8BC9CEB8-8B4A-11D0-8D11-00A0C91BC942}") = "Leetcode_2048", "Leetcode_2048.vcxproj", "{E7C6D5D3-7BF6-4303-8914-FE01C6E0CB35}"
EndProject
Global
	GlobalSection(SolutionConfigurationPlatforms) = preSolution
		Debug|x64 = Debug|x64
		Debug|x86 = Debug|x86
		Release|x64 = Release|x64
		Release|x86 = Release|x86
	EndGlobalSection
	GlobalSection(ProjectConfigurationPlatforms) = postSolution
		{E7C6D5D3-7BF6-4303-8914-FE01C6E0CB35}.Debug|x64.ActiveCfg = Debug|x64
		{E7C6D5D3-7BF6-4303-8914-FE01C6E0CB35}.Debug|x64.Build.0 = Debug|x64
		{E7C6D5D3-7BF6-4303-8914-FE01C6E0CB35}.Debug|x86.ActiveCfg = Debug|Win32
		{E7C6D5D3-7BF6-4303-8914-FE01C6E0CB35}.Debug|x86.Build.0 = Debug|Win32
		{E7C6D5D3-7BF6-4303-8914-FE01C6E0CB35}.Release|x64.ActiveCfg = Release|x64
		{E7C6D5D3-7BF6-4303-8914-FE01C6E0CB35}.Release|x64.Build.0 = Release|x64
		{E7C6D5D3-7BF6-4303-8914-FE01C6E0CB35}.Release|x86.ActiveCfg = Release|Win32
		{E7C6D5D3-7BF6-4303-8914-FE01C6E0CB35}.Release|x86.Build.0 = Release|Win32
	EndGlobalSection
	GlobalSection(SolutionProperties) = preSolution
		HideSolutionNode = FALSE
	EndGlobalSection
	GlobalSection(ExtensibilityGlobals) = postSolution
		SolutionGuid = {01984EDE-06BE-462C-B2D3-F800A3957860}
	EndGlobalSection
EndGlobal
